
Microsoft Visual Studio Solution File, Format Version 12.00
# Visual Studio 15
VisualStudioVersion = 15.0.28307.271
MinimumVisualStudioVersion = 10.0.40219.1
Project("{FAE04EC0-301F-11D3-BF4B-00C04F79EFBC}") = "Blog.Api", "Blog.Api\Blog.Api.csproj", "{1F398A2E-5D0A-4B54-81A0-904DA7435DF9}"
EndProject
Project("{FAE04EC0-301F-11D3-BF4B-00C04F79EFBC}") = "Blog.Business", "Blog.Business\Blog.Business.csproj", "{A4D8607E-CA5D-419E-B815-BF587B68626B}"
EndProject
Project("{FAE04EC0-301F-11D3-BF4B-00C04F79EFBC}") = "Blog.DataAccess", "Blog.DataAccess\Blog.DataAccess.csproj", "{A30C6561-96BE-420D-8804-E340AED9F040}"
EndProject
Global
	GlobalSection(SolutionConfigurationPlatforms) = preSolution
		Debug|Any CPU = Debug|Any CPU
		Release|Any CPU = Release|Any CPU
	EndGlobalSection
	GlobalSection(ProjectConfigurationPlatforms) = postSolution
		{1F398A2E-5D0A-4B54-81A0-904DA7435DF9}.Debug|Any CPU.ActiveCfg = Debug|Any CPU
		{1F398A2E-5D0A-4B54-81A0-904DA7435DF9}.Debug|Any CPU.Build.0 = Debug|Any CPU
		{1F398A2E-5D0A-4B54-81A0-904DA7435DF9}.Release|Any CPU.ActiveCfg = Release|Any CPU
		{1F398A2E-5D0A-4B54-81A0-904DA7435DF9}.Release|Any CPU.Build.0 = Release|Any CPU
		{A4D8607E-CA5D-419E-B815-BF587B68626B}.Debug|Any CPU.ActiveCfg = Debug|Any CPU
		{A4D8607E-CA5D-419E-B815-BF587B68626B}.Debug|Any CPU.Build.0 = Debug|Any CPU
		{A4D8607E-CA5D-419E-B815-BF587B68626B}.Release|Any CPU.ActiveCfg = Release|Any CPU
		{A4D8607E-CA5D-419E-B815-BF587B68626B}.Release|Any CPU.Build.0 = Release|Any CPU
		{A30C6561-96BE-420D-8804-E340AED9F040}.Debug|Any CPU.ActiveCfg = Debug|Any CPU
		{A30C6561-96BE-420D-8804-E340AED9F040}.Debug|Any CPU.Build.0 = Debug|Any CPU
		{A30C6561-96BE-420D-8804-E340AED9F040}.Release|Any CPU.ActiveCfg = Release|Any CPU
		{A30C6561-96BE-420D-8804-E340AED9F040}.Release|Any CPU.Build.0 = Release|Any CPU
	EndGlobalSection
	GlobalSection(SolutionProperties) = preSolution
		HideSolutionNode = FALSE
	EndGlobalSection
	GlobalSection(ExtensibilityGlobals) = postSolution
		SolutionGuid = {89DC34C9-3062-44BC-A723-91CDD4AFBB4B}
	EndGlobalSection
EndGlobal
